// !$*UTF8*$!
{
	archiveVersion = 1;
	classes = {
	};
	objectVersion = 50;
	objects = {

/* Begin PBXBuildFile section */
		CC646FCB28219AAE00E44EA3 /* AppDelegate.swift in Sources */ = {isa = PBXBuildFile; fileRef = CC646FCA28219AAE00E44EA3 /* AppDelegate.swift */; };
		CC646FCD28219AAE00E44EA3 /* SceneDelegate.swift in Sources */ = {isa = PBXBuildFile; fileRef = CC646FCC28219AAE00E44EA3 /* SceneDelegate.swift */; };
		CC646FCF28219AAE00E44EA3 /* ViewController.swift in Sources */ = {isa = PBXBuildFile; fileRef = CC646FCE28219AAE00E44EA3 /* ViewController.swift */; };
		CC646FD228219AAE00E44EA3 /* Main.storyboard in Resources */ = {isa = PBXBuildFile; fileRef = CC646FD028219AAE00E44EA3 /* Main.storyboard */; };
		CC646FD428219AB700E44EA3 /* Assets.xcassets in Resources */ = {isa = PBXBuildFile; fileRef = CC646FD328219AB700E44EA3 /* Assets.xcassets */; };
		CC646FD728219AB700E44EA3 /* LaunchScreen.storyboard in Resources */ = {isa = PBXBuildFile; fileRef = CC646FD528219AB700E44EA3 /* LaunchScreen.storyboard */; };
/* End PBXBuildFile section */

/* Begin PBXFileReference section */
		CC646FC728219AAE00E44EA3 /* BMICalculatorFinal.app */ = {isa = PBXFileReference; explicitFileType = wrapper.application; includeInIndex = 0; path = BMICalculatorFinal.app; sourceTree = BUILT_PRODUCTS_DIR; };
		CC646FCA28219AAE00E44EA3 /* AppDelegate.swift */ = {isa = PBXFileReference; lastKnownFileType = sourcecode.swift; path = AppDelegate.swift; sourceTree = "<group>"; };
		CC646FCC28219AAE00E44EA3 /* SceneDelegate.swift */ = {isa = PBXFileReference; lastKnownFileType = sourcecode.swift; path = SceneDelegate.swift; sourceTree = "<group>"; };
		CC646FCE28219AAE00E44EA3 /* ViewController.swift */ = {isa = PBXFileReference; lastKnownFileType = sourcecode.swift; path = ViewController.swift; sourceTree = "<group>"; };
		CC646FD128219AAE00E44EA3 /* Base */ = {isa = PBXFileReference; lastKnownFileType = file.storyboard; name = Base; path = Base.lproj/Main.storyboard; sourceTree = "<group>"; };
		CC646FD328219AB700E44EA3 /* Assets.xcassets */ = {isa = PBXFileReference; lastKnownFileType = folder.assetcatalog; path = Assets.xcassets; sourceTree = "<group>"; };
		CC646FD628219AB700E44EA3 /* Base */ = {isa = PBXFileReference; lastKnownFileType = file.storyboard; name = Base; path = Base.lproj/LaunchScreen.storyboard; sourceTree = "<group>"; };
		CC646FD828219AB700E44EA3 /* Info.plist */ = {isa = PBXFileReference; lastKnownFileType = text.plist.xml; path = Info.plist; sourceTree = "<group>"; };
/* End PBXFileReference section */

/* Begin PBXFrameworksBuildPhase section */
		CC646FC428219AAE00E44EA3 /* Frameworks */ = {
			isa = PBXFrameworksBuildPhase;
			buildActionMask = 2147483647;
			files = (
			);
			runOnlyForDeploymentPostprocessing = 0;
		};
/* End PBXFrameworksBuildPhase section */

/* Begin PBXGroup section */
		CC646FBE28219AAE00E44EA3 = {
			isa = PBXGroup;
			children = (
				CC646FC928219AAE00E44EA3 /* BMICalculatorFinal */,
				CC646FC828219AAE00E44EA3 /* Products */,
			);
			sourceTree = "<group>";
		};
		CC646FC828219AAE00E44EA3 /* Products */ = {
			isa = PBXGroup;
			children = (
				CC646FC728219AAE00E44EA3 /* BMICalculatorFinal.app */,
			);
			name = Products;
			sourceTree = "<group>";
		};
		CC646FC928219AAE00E44EA3 /* BMICalculatorFinal */ = {
			isa = PBXGroup;
			children = (
				CC646FCA28219AAE00E44EA3 /* AppDelegate.swift */,
				CC646FCC28219AAE00E44EA3 /* SceneDelegate.swift */,
				CC646FCE28219AAE00E44EA3 /* ViewController.swift */,
				CC646FD028219AAE00E44EA3 /* Main.storyboard */,
				CC646FD328219AB700E44EA3 /* Assets.xcassets */,
				CC646FD528219AB700E44EA3 /* LaunchScreen.storyboard */,
				CC646FD828219AB700E44EA3 /* Info.plist */,
			);
			path = BMICalculatorFinal;
			sourceTree = "<group>";
		};
/* End PBXGroup section */

/* Begin PBXNativeTarget section */
		CC646FC628219AAE00E44EA3 /* BMICalculatorFinal */ = {
			isa = PBXNativeTarget;
			buildConfigurationList = CC646FDB28219AB700E44EA3 /* Build configuration list for PBXNativeTarget "BMICalculatorFinal" */;
			buildPhases = (
				CC646FC328219AAE00E44EA3 /* Sources */,
				CC646FC428219AAE00E44EA3 /* Frameworks */,
				CC646FC528219AAE00E44EA3 /* Resources */,
			);
			buildRules = (
			);
			dependencies = (
			);
			name = BMICalculatorFinal;
			productName = BMICalculatorFinal;
			productReference = CC646FC728219AAE00E44EA3 /* BMICalculatorFinal.app */;
			productType = "com.apple.product-type.application";
		};
/* End PBXNativeTarget section */

/* Begin PBXProject section */
		CC646FBF28219AAE00E44EA3 /* Project object */ = {
			isa = PBXProject;
			attributes = {
				LastSwiftUpdateCheck = 1240;
				LastUpgradeCheck = 1240;
				TargetAttributes = {
					CC646FC628219AAE00E44EA3 = {
						CreatedOnToolsVersion = 12.4;
					};
				};
			};
			buildConfigurationList = CC646FC228219AAE00E44EA3 /* Build configuration list for PBXProject "BMICalculatorFinal" */;
			compatibilityVersion = "Xcode 9.3";
			developmentRegion = en;
			hasScannedForEncodings = 0;
			knownRegions = (
				en,
				Base,
			);
			mainGroup = CC646FBE28219AAE00E44EA3;
			productRefGroup = CC646FC828219AAE00E44EA3 /* Products */;
			projectDirPath = "";
			projectRoot = "";
			targets = (
				CC646FC628219AAE00E44EA3 /* BMICalculatorFinal */,
			);
		};
/* End PBXProject section */

/* Begin PBXResourcesBuildPhase section */
		CC646FC528219AAE00E44EA3 /* Resources */ = {
			isa = PBXResourcesBuildPhase;
			buildActionMask = 2147483647;
			files = (
				CC646FD728219AB700E44EA3 /* LaunchScreen.storyboard in Resources */,
				CC646FD428219AB700E44EA3 /* Assets.xcassets in Resources */,
				CC646FD228219AAE00E44EA3 /* Main.storyboard in Resources */,
			);
			runOnlyForDeploymentPostprocessing = 0;
		};
/* End PBXResourcesBuildPhase section */

/* Begin PBXSourcesBuildPhase section */
		CC646FC328219AAE00E44EA3 /* Sources */ = {
			isa = PBXSourcesBuildPhase;
			buildActionMask = 2147483647;
			files = (
				CC646FCF28219AAE00E44EA3 /* ViewController.swift in Sources */,
				CC646FCB28219AAE00E44EA3 /* AppDelegate.swift in Sources */,
				CC646FCD28219AAE00E44EA3 /* SceneDelegate.swift in Sources */,
			);
			runOnlyForDeploymentPostprocessing = 0;
		};
/* End PBXSourcesBuildPhase section */

/* Begin PBXVariantGroup section */
		CC646FD028219AAE00E44EA3 /* Main.storyboard */ = {
			isa = PBXVariantGroup;
			children = (
				CC646FD128219AAE00E44EA3 /* Base */,
			);
			name = Main.storyboard;
			sourceTree = "<group>";
		};
		CC646FD528219AB700E44EA3 /* LaunchScreen.storyboard */ = {
			isa = PBXVariantGroup;
			children = (
				CC646FD628219AB700E44EA3 /* Base */,
			);
			name = LaunchScreen.storyboard;
			sourceTree = "<group>";
		};
/* End PBXVariantGroup section */

/* Begin XCBuildConfiguration section */
		CC646FD928219AB700E44EA3 /* Debug */ = {
			isa = XCBuildConfiguration;
			buildSettings = {
				ALWAYS_SEARCH_USER_PATHS = NO;
				CLANG_ANALYZER_NONNULL = YES;
				CLANG_ANALYZER_NUMBER_OBJECT_CONVERSION = YES_AGGRESSIVE;
				CLANG_CXX_LANGUAGE_STANDARD = "gnu++14";
				CLANG_CXX_LIBRARY = "libc++";
				CLANG_ENABLE_MODULES = YES;
				CLANG_ENABLE_OBJC_ARC = YES;
				CLANG_ENABLE_OBJC_WEAK = YES;
				CLANG_WARN_BLOCK_CAPTURE_AUTORELEASING = YES;
				CLANG_WARN_BOOL_CONVERSION = YES;
				CLANG_WARN_COMMA = YES;
				CLANG_WARN_CONSTANT_CONVERSION = YES;
				CLANG_WARN_DEPRECATED_OBJC_IMPLEMENTATIONS = YES;
				CLANG_WARN_DIRECT_OBJC_ISA_USAGE = YES_ERROR;
				CLANG_WARN_DOCUMENTATION_COMMENTS = YES;
				CLANG_WARN_EMPTY_BODY = YES;
				CLANG_WARN_ENUM_CONVERSION = YES;
				CLANG_WARN_INFINITE_RECURSION = YES;
				CLANG_WARN_INT_CONVERSION = YES;
				CLANG_WARN_NON_LITERAL_NULL_CONVERSION = YES;
				CLANG_WARN_OBJC_IMPLICIT_RETAIN_SELF = YES;
				CLANG_WARN_OBJC_LITERAL_CONVERSION = YES;
				CLANG_WARN_OBJC_ROOT_CLASS = YES_ERROR;
				CLANG_WARN_QUOTED_INCLUDE_IN_FRAMEWORK_HEADER = YES;
				CLANG_WARN_RANGE_LOOP_ANALYSIS = YES;
				CLANG_WARN_STRICT_PROTOTYPES = YES;
				CLANG_WARN_SUSPICIOUS_MOVE = YES;
				CLANG_WARN_UNGUARDED_AVAILABILITY = YES_AGGRESSIVE;
				CLANG_WARN_UNREACHABLE_CODE = YES;
				CLANG_WARN__DUPLICATE_METHOD_MATCH = YES;
				COPY_PHASE_STRIP = NO;
				DEBUG_INFORMATION_FORMAT = dwarf;
				ENABLE_STRICT_OBJC_MSGSEND = YES;
				ENABLE_TESTABILITY = YES;
				GCC_C_LANGUAGE_STANDARD = gnu11;
				GCC_DYNAMIC_NO_PIC = NO;
				GCC_NO_COMMON_BLOCKS = YES;
				GCC_OPTIMIZATION_LEVEL = 0;
				GCC_PREPROCESSOR_DEFINITIONS = (
					"DEBUG=1",
					"$(inherited)",
				);
				GCC_WARN_64_TO_32_BIT_CONVERSION = YES;
				GCC_WARN_ABOUT_RETURN_TYPE = YES_ERROR;
				GCC_WARN_UNDECLARED_SELECTOR = YES;
				GCC_WARN_UNINITIALIZED_AUTOS = YES_AGGRESSIVE;
				GCC_WARN_UNUSED_FUNCTION = YES;
				GCC_WARN_UNUSED_VARIABLE = YES;
				IPHONEOS_DEPLOYMENT_TARGET = 14.4;
				MTL_ENABLE_DEBUG_INFO = INCLUDE_SOURCE;
				MTL_FAST_MATH = YES;
				ONLY_ACTIVE_ARCH = YES;
				SDKROOT = iphoneos;
				SWIFT_ACTIVE_COMPILATION_CONDITIONS = DEBUG;
				SWIFT_OPTIMIZATION_LEVEL = "-Onone";
			};
			name = Debug;
		};
		CC646FDA28219AB700E44EA3 /* Release */ = {
			isa = XCBuildConfiguration;
			buildSettings = {
				ALWAYS_SEARCH_USER_PATHS = NO;
				CLANG_ANALYZER_NONNULL = YES;
				CLANG_ANALYZER_NUMBER_OBJECT_CONVERSION = YES_AGGRESSIVE;
				CLANG_CXX_LANGUAGE_STANDARD = "gnu++14";
				CLANG_CXX_LIBRARY = "libc++";
				CLANG_ENABLE_MODULES = YES;
				CLANG_ENABLE_OBJC_ARC = YES;
				CLANG_ENABLE_OBJC_WEAK = YES;
				CLANG_WARN_BLOCK_CAPTURE_AUTORELEASING = YES;
				CLANG_WARN_BOOL_CONVERSION = YES;
				CLANG_WARN_COMMA = YES;
				CLANG_WARN_CONSTANT_CONVERSION = YES;
				CLANG_WARN_DEPRECATED_OBJC_IMPLEMENTATIONS = YES;
				CLANG_WARN_DIRECT_OBJC_ISA_USAGE = YES_ERROR;
				CLANG_WARN_DOCUMENTATION_COMMENTS = YES;
				CLANG_WARN_EMPTY_BODY = YES;
				CLANG_WARN_ENUM_CONVERSION = YES;
				CLANG_WARN_INFINITE_RECURSION = YES;
				CLANG_WARN_INT_CONVERSION = YES;
				CLANG_WARN_NON_LITERAL_NULL_CONVERSION = YES;
				CLANG_WARN_OBJC_IMPLICIT_RETAIN_SELF = YES;
				CLANG_WARN_OBJC_LITERAL_CONVERSION = YES;
				CLANG_WARN_OBJC_ROOT_CLASS = YES_ERROR;
				CLANG_WARN_QUOTED_INCLUDE_IN_FRAMEWORK_HEADER = YES;
				CLANG_WARN_RANGE_LOOP_ANALYSIS = YES;
				CLANG_WARN_STRICT_PROTOTYPES = YES;
				CLANG_WARN_SUSPICIOUS_MOVE = YES;
				CLANG_WARN_UNGUARDED_AVAILABILITY = YES_AGGRESSIVE;
				CLANG_WARN_UNREACHABLE_CODE = YES;
				CLANG_WARN__DUPLICATE_METHOD_MATCH = YES;
				COPY_PHASE_STRIP = NO;
				DEBUG_INFORMATION_FORMAT = "dwarf-with-dsym";
				ENABLE_NS_ASSERTIONS = NO;
				ENABLE_STRICT_OBJC_MSGSEND = YES;
				GCC_C_LANGUAGE_STANDARD = gnu11;
				GCC_NO_COMMON_BLOCKS = YES;
				GCC_WARN_64_TO_32_BIT_CONVERSION = YES;
				GCC_WARN_ABOUT_RETURN_TYPE = YES_ERROR;
				GCC_WARN_UNDECLARED_SELECTOR = YES;
				GCC_WARN_UNINITIALIZED_AUTOS = YES_AGGRESSIVE;
				GCC_WARN_UNUSED_FUNCTION = YES;
				GCC_WARN_UNUSED_VARIABLE = YES;
				IPHONEOS_DEPLOYMENT_TARGET = 14.4;
				MTL_ENABLE_DEBUG_INFO = NO;
				MTL_FAST_MATH = YES;
				SDKROOT = iphoneos;
				SWIFT_COMPILATION_MODE = wholemodule;
				SWIFT_OPTIMIZATION_LEVEL = "-O";
				VALIDATE_PRODUCT = YES;
			};
			name = Release;
		};
		CC646FDC28219AB700E44EA3 /* Debug */ = {
			isa = XCBuildConfiguration;
			buildSettings = {
				ASSETCATALOG_COMPILER_APPICON_NAME = AppIcon;
				ASSETCATALOG_COMPILER_GLOBAL_ACCENT_COLOR_NAME = AccentColor;
				CODE_SIGN_STYLE = Automatic;
				DEVELOPMENT_TEAM = B69W7Z252K;
				INFOPLIST_FILE = BMICalculatorFinal/Info.plist;
				LD_RUNPATH_SEARCH_PATHS = (
					"$(inherited)",
					"@executable_path/Frameworks",
				);
				PRODUCT_BUNDLE_IDENTIFIER = edu.northeastern.anupama.BMICalculatorFinal;
				PRODUCT_NAME = "$(TARGET_NAME)";
				SWIFT_VERSION = 5.0;
				TARGETED_DEVICE_FAMILY = "1,2";
			};
			name = Debug;
		};
		CC646FDD28219AB700E44EA3 /* Release */ = {
			isa = XCBuildConfiguration;
			buildSettings = {
				ASSETCATALOG_COMPILER_APPICON_NAME = AppIcon;
				ASSETCATALOG_COMPILER_GLOBAL_ACCENT_COLOR_NAME = AccentColor;
				CODE_SIGN_STYLE = Automatic;
				DEVELOPMENT_TEAM = B69W7Z252K;
				INFOPLIST_FILE = BMICalculatorFinal/Info.plist;
				LD_RUNPATH_SEARCH_PATHS = (
					"$(inherited)",
					"@executable_path/Frameworks",
				);
				PRODUCT_BUNDLE_IDENTIFIER = edu.northeastern.anupama.BMICalculatorFinal;
				PRODUCT_NAME = "$(TARGET_NAME)";
				SWIFT_VERSION = 5.0;
				TARGETED_DEVICE_FAMILY = "1,2";
			};
			name = Release;
		};
/* End XCBuildConfiguration section */

/* Begin XCConfigurationList section */
		CC646FC228219AAE00E44EA3 /* Build configuration list for PBXProject "BMICalculatorFinal" */ = {
			isa = XCConfigurationList;
			buildConfigurations = (
				CC646FD928219AB700E44EA3 /* Debug */,
				CC646FDA28219AB700E44EA3 /* Release */,
			);
			defaultConfigurationIsVisible = 0;
			defaultConfigurationName = Release;
		};
		CC646FDB28219AB700E44EA3 /* Build configuration list for PBXNativeTarget "BMICalculatorFinal" */ = {
			isa = XCConfigurationList;
			buildConfigurations = (
				CC646FDC28219AB700E44EA3 /* Debug */,
				CC646FDD28219AB700E44EA3 /* Release */,
			);
			defaultConfigurationIsVisible = 0;
			defaultConfigurationName = Release;
		};
/* End XCConfigurationList section */
	};
	rootObject = CC646FBF28219AAE00E44EA3 /* Project object */;
}
