// !$*UTF8*$!
{
	archiveVersion = 1;
	classes = {
	};
	objectVersion = 50;
	objects = {

/* Begin PBXBuildFile section */
		CC48495627A4E3C000E5F4F6 /* AppDelegate.swift in Sources */ = {isa = PBXBuildFile; fileRef = CC48495527A4E3C000E5F4F6 /* AppDelegate.swift */; };
		CC48495827A4E3C000E5F4F6 /* SceneDelegate.swift in Sources */ = {isa = PBXBuildFile; fileRef = CC48495727A4E3C000E5F4F6 /* SceneDelegate.swift */; };
		CC48495A27A4E3C000E5F4F6 /* ViewController.swift in Sources */ = {isa = PBXBuildFile; fileRef = CC48495927A4E3C000E5F4F6 /* ViewController.swift */; };
		CC48495D27A4E3C000E5F4F6 /* Main.storyboard in Resources */ = {isa = PBXBuildFile; fileRef = CC48495B27A4E3C000E5F4F6 /* Main.storyboard */; };
		CC48495F27A4E3CB00E5F4F6 /* Assets.xcassets in Resources */ = {isa = PBXBuildFile; fileRef = CC48495E27A4E3CB00E5F4F6 /* Assets.xcassets */; };
		CC48496227A4E3CB00E5F4F6 /* LaunchScreen.storyboard in Resources */ = {isa = PBXBuildFile; fileRef = CC48496027A4E3CB00E5F4F6 /* LaunchScreen.storyboard */; };
		CC48496F27A4E67B00E5F4F6 /* TableViewController.swift in Sources */ = {isa = PBXBuildFile; fileRef = CC48496E27A4E67B00E5F4F6 /* TableViewController.swift */; };
/* End PBXBuildFile section */

/* Begin PBXFileReference section */
		CC48495227A4E3C000E5F4F6 /* TableViewControllerExample.app */ = {isa = PBXFileReference; explicitFileType = wrapper.application; includeInIndex = 0; path = TableViewControllerExample.app; sourceTree = BUILT_PRODUCTS_DIR; };
		CC48495527A4E3C000E5F4F6 /* AppDelegate.swift */ = {isa = PBXFileReference; lastKnownFileType = sourcecode.swift; path = AppDelegate.swift; sourceTree = "<group>"; };
		CC48495727A4E3C000E5F4F6 /* SceneDelegate.swift */ = {isa = PBXFileReference; lastKnownFileType = sourcecode.swift; path = SceneDelegate.swift; sourceTree = "<group>"; };
		CC48495927A4E3C000E5F4F6 /* ViewController.swift */ = {isa = PBXFileReference; lastKnownFileType = sourcecode.swift; path = ViewController.swift; sourceTree = "<group>"; };
		CC48495C27A4E3C000E5F4F6 /* Base */ = {isa = PBXFileReference; lastKnownFileType = file.storyboard; name = Base; path = Base.lproj/Main.storyboard; sourceTree = "<group>"; };
		CC48495E27A4E3CB00E5F4F6 /* Assets.xcassets */ = {isa = PBXFileReference; lastKnownFileType = folder.assetcatalog; path = Assets.xcassets; sourceTree = "<group>"; };
		CC48496127A4E3CB00E5F4F6 /* Base */ = {isa = PBXFileReference; lastKnownFileType = file.storyboard; name = Base; path = Base.lproj/LaunchScreen.storyboard; sourceTree = "<group>"; };
		CC48496327A4E3CB00E5F4F6 /* Info.plist */ = {isa = PBXFileReference; lastKnownFileType = text.plist.xml; path = Info.plist; sourceTree = "<group>"; };
		CC48496E27A4E67B00E5F4F6 /* TableViewController.swift */ = {isa = PBXFileReference; lastKnownFileType = sourcecode.swift; path = TableViewController.swift; sourceTree = "<group>"; };
/* End PBXFileReference section */

/* Begin PBXFrameworksBuildPhase section */
		CC48494F27A4E3C000E5F4F6 /* Frameworks */ = {
			isa = PBXFrameworksBuildPhase;
			buildActionMask = 2147483647;
			files = (
			);
			runOnlyForDeploymentPostprocessing = 0;
		};
/* End PBXFrameworksBuildPhase section */

/* Begin PBXGroup section */
		CC48494927A4E3C000E5F4F6 = {
			isa = PBXGroup;
			children = (
				CC48496E27A4E67B00E5F4F6 /* TableViewController.swift */,
				CC48495427A4E3C000E5F4F6 /* TableViewControllerExample */,
				CC48495327A4E3C000E5F4F6 /* Products */,
			);
			sourceTree = "<group>";
		};
		CC48495327A4E3C000E5F4F6 /* Products */ = {
			isa = PBXGroup;
			children = (
				CC48495227A4E3C000E5F4F6 /* TableViewControllerExample.app */,
			);
			name = Products;
			sourceTree = "<group>";
		};
		CC48495427A4E3C000E5F4F6 /* TableViewControllerExample */ = {
			isa = PBXGroup;
			children = (
				CC48495527A4E3C000E5F4F6 /* AppDelegate.swift */,
				CC48495727A4E3C000E5F4F6 /* SceneDelegate.swift */,
				CC48495927A4E3C000E5F4F6 /* ViewController.swift */,
				CC48495B27A4E3C000E5F4F6 /* Main.storyboard */,
				CC48495E27A4E3CB00E5F4F6 /* Assets.xcassets */,
				CC48496027A4E3CB00E5F4F6 /* LaunchScreen.storyboard */,
				CC48496327A4E3CB00E5F4F6 /* Info.plist */,
			);
			path = TableViewControllerExample;
			sourceTree = "<group>";
		};
/* End PBXGroup section */

/* Begin PBXNativeTarget section */
		CC48495127A4E3C000E5F4F6 /* TableViewControllerExample */ = {
			isa = PBXNativeTarget;
			buildConfigurationList = CC48496627A4E3CB00E5F4F6 /* Build configuration list for PBXNativeTarget "TableViewControllerExample" */;
			buildPhases = (
				CC48494E27A4E3C000E5F4F6 /* Sources */,
				CC48494F27A4E3C000E5F4F6 /* Frameworks */,
				CC48495027A4E3C000E5F4F6 /* Resources */,
			);
			buildRules = (
			);
			dependencies = (
			);
			name = TableViewControllerExample;
			productName = TableViewControllerExample;
			productReference = CC48495227A4E3C000E5F4F6 /* TableViewControllerExample.app */;
			productType = "com.apple.product-type.application";
		};
/* End PBXNativeTarget section */

/* Begin PBXProject section */
		CC48494A27A4E3C000E5F4F6 /* Project object */ = {
			isa = PBXProject;
			attributes = {
				LastSwiftUpdateCheck = 1240;
				LastUpgradeCheck = 1240;
				TargetAttributes = {
					CC48495127A4E3C000E5F4F6 = {
						CreatedOnToolsVersion = 12.4;
					};
				};
			};
			buildConfigurationList = CC48494D27A4E3C000E5F4F6 /* Build configuration list for PBXProject "TableViewControllerExample" */;
			compatibilityVersion = "Xcode 9.3";
			developmentRegion = en;
			hasScannedForEncodings = 0;
			knownRegions = (
				en,
				Base,
			);
			mainGroup = CC48494927A4E3C000E5F4F6;
			productRefGroup = CC48495327A4E3C000E5F4F6 /* Products */;
			projectDirPath = "";
			projectRoot = "";
			targets = (
				CC48495127A4E3C000E5F4F6 /* TableViewControllerExample */,
			);
		};
/* End PBXProject section */

/* Begin PBXResourcesBuildPhase section */
		CC48495027A4E3C000E5F4F6 /* Resources */ = {
			isa = PBXResourcesBuildPhase;
			buildActionMask = 2147483647;
			files = (
				CC48496227A4E3CB00E5F4F6 /* LaunchScreen.storyboard in Resources */,
				CC48495F27A4E3CB00E5F4F6 /* Assets.xcassets in Resources */,
				CC48495D27A4E3C000E5F4F6 /* Main.storyboard in Resources */,
			);
			runOnlyForDeploymentPostprocessing = 0;
		};
/* End PBXResourcesBuildPhase section */

/* Begin PBXSourcesBuildPhase section */
		CC48494E27A4E3C000E5F4F6 /* Sources */ = {
			isa = PBXSourcesBuildPhase;
			buildActionMask = 2147483647;
			files = (
				CC48495A27A4E3C000E5F4F6 /* ViewController.swift in Sources */,
				CC48495627A4E3C000E5F4F6 /* AppDelegate.swift in Sources */,
				CC48495827A4E3C000E5F4F6 /* SceneDelegate.swift in Sources */,
				CC48496F27A4E67B00E5F4F6 /* TableViewController.swift in Sources */,
			);
			runOnlyForDeploymentPostprocessing = 0;
		};
/* End PBXSourcesBuildPhase section */

/* Begin PBXVariantGroup section */
		CC48495B27A4E3C000E5F4F6 /* Main.storyboard */ = {
			isa = PBXVariantGroup;
			children = (
				CC48495C27A4E3C000E5F4F6 /* Base */,
			);
			name = Main.storyboard;
			sourceTree = "<group>";
		};
		CC48496027A4E3CB00E5F4F6 /* LaunchScreen.storyboard */ = {
			isa = PBXVariantGroup;
			children = (
				CC48496127A4E3CB00E5F4F6 /* Base */,
			);
			name = LaunchScreen.storyboard;
			sourceTree = "<group>";
		};
/* End PBXVariantGroup section */

/* Begin XCBuildConfiguration section */
		CC48496427A4E3CB00E5F4F6 /* Debug */ = {
			isa = XCBuildConfiguration;
			buildSettings = {
				ALWAYS_SEARCH_USER_PATHS = NO;
				CLANG_ANALYZER_NONNULL = YES;
				CLANG_ANALYZER_NUMBER_OBJECT_CONVERSION = YES_AGGRESSIVE;
				CLANG_CXX_LANGUAGE_STANDARD = "gnu++14";
				CLANG_CXX_LIBRARY = "libc++";
				CLANG_ENABLE_MODULES = YES;
				CLANG_ENABLE_OBJC_ARC = YES;
				CLANG_ENABLE_OBJC_WEAK = YES;
				CLANG_WARN_BLOCK_CAPTURE_AUTORELEASING = YES;
				CLANG_WARN_BOOL_CONVERSION = YES;
				CLANG_WARN_COMMA = YES;
				CLANG_WARN_CONSTANT_CONVERSION = YES;
				CLANG_WARN_DEPRECATED_OBJC_IMPLEMENTATIONS = YES;
				CLANG_WARN_DIRECT_OBJC_ISA_USAGE = YES_ERROR;
				CLANG_WARN_DOCUMENTATION_COMMENTS = YES;
				CLANG_WARN_EMPTY_BODY = YES;
				CLANG_WARN_ENUM_CONVERSION = YES;
				CLANG_WARN_INFINITE_RECURSION = YES;
				CLANG_WARN_INT_CONVERSION = YES;
				CLANG_WARN_NON_LITERAL_NULL_CONVERSION = YES;
				CLANG_WARN_OBJC_IMPLICIT_RETAIN_SELF = YES;
				CLANG_WARN_OBJC_LITERAL_CONVERSION = YES;
				CLANG_WARN_OBJC_ROOT_CLASS = YES_ERROR;
				CLANG_WARN_QUOTED_INCLUDE_IN_FRAMEWORK_HEADER = YES;
				CLANG_WARN_RANGE_LOOP_ANALYSIS = YES;
				CLANG_WARN_STRICT_PROTOTYPES = YES;
				CLANG_WARN_SUSPICIOUS_MOVE = YES;
				CLANG_WARN_UNGUARDED_AVAILABILITY = YES_AGGRESSIVE;
				CLANG_WARN_UNREACHABLE_CODE = YES;
				CLANG_WARN__DUPLICATE_METHOD_MATCH = YES;
				COPY_PHASE_STRIP = NO;
				DEBUG_INFORMATION_FORMAT = dwarf;
				ENABLE_STRICT_OBJC_MSGSEND = YES;
				ENABLE_TESTABILITY = YES;
				GCC_C_LANGUAGE_STANDARD = gnu11;
				GCC_DYNAMIC_NO_PIC = NO;
				GCC_NO_COMMON_BLOCKS = YES;
				GCC_OPTIMIZATION_LEVEL = 0;
				GCC_PREPROCESSOR_DEFINITIONS = (
					"DEBUG=1",
					"$(inherited)",
				);
				GCC_WARN_64_TO_32_BIT_CONVERSION = YES;
				GCC_WARN_ABOUT_RETURN_TYPE = YES_ERROR;
				GCC_WARN_UNDECLARED_SELECTOR = YES;
				GCC_WARN_UNINITIALIZED_AUTOS = YES_AGGRESSIVE;
				GCC_WARN_UNUSED_FUNCTION = YES;
				GCC_WARN_UNUSED_VARIABLE = YES;
				IPHONEOS_DEPLOYMENT_TARGET = 14.4;
				MTL_ENABLE_DEBUG_INFO = INCLUDE_SOURCE;
				MTL_FAST_MATH = YES;
				ONLY_ACTIVE_ARCH = YES;
				SDKROOT = iphoneos;
				SWIFT_ACTIVE_COMPILATION_CONDITIONS = DEBUG;
				SWIFT_OPTIMIZATION_LEVEL = "-Onone";
			};
			name = Debug;
		};
		CC48496527A4E3CB00E5F4F6 /* Release */ = {
			isa = XCBuildConfiguration;
			buildSettings = {
				ALWAYS_SEARCH_USER_PATHS = NO;
				CLANG_ANALYZER_NONNULL = YES;
				CLANG_ANALYZER_NUMBER_OBJECT_CONVERSION = YES_AGGRESSIVE;
				CLANG_CXX_LANGUAGE_STANDARD = "gnu++14";
				CLANG_CXX_LIBRARY = "libc++";
				CLANG_ENABLE_MODULES = YES;
				CLANG_ENABLE_OBJC_ARC = YES;
				CLANG_ENABLE_OBJC_WEAK = YES;
				CLANG_WARN_BLOCK_CAPTURE_AUTORELEASING = YES;
				CLANG_WARN_BOOL_CONVERSION = YES;
				CLANG_WARN_COMMA = YES;
				CLANG_WARN_CONSTANT_CONVERSION = YES;
				CLANG_WARN_DEPRECATED_OBJC_IMPLEMENTATIONS = YES;
				CLANG_WARN_DIRECT_OBJC_ISA_USAGE = YES_ERROR;
				CLANG_WARN_DOCUMENTATION_COMMENTS = YES;
				CLANG_WARN_EMPTY_BODY = YES;
				CLANG_WARN_ENUM_CONVERSION = YES;
				CLANG_WARN_INFINITE_RECURSION = YES;
				CLANG_WARN_INT_CONVERSION = YES;
				CLANG_WARN_NON_LITERAL_NULL_CONVERSION = YES;
				CLANG_WARN_OBJC_IMPLICIT_RETAIN_SELF = YES;
				CLANG_WARN_OBJC_LITERAL_CONVERSION = YES;
				CLANG_WARN_OBJC_ROOT_CLASS = YES_ERROR;
				CLANG_WARN_QUOTED_INCLUDE_IN_FRAMEWORK_HEADER = YES;
				CLANG_WARN_RANGE_LOOP_ANALYSIS = YES;
				CLANG_WARN_STRICT_PROTOTYPES = YES;
				CLANG_WARN_SUSPICIOUS_MOVE = YES;
				CLANG_WARN_UNGUARDED_AVAILABILITY = YES_AGGRESSIVE;
				CLANG_WARN_UNREACHABLE_CODE = YES;
				CLANG_WARN__DUPLICATE_METHOD_MATCH = YES;
				COPY_PHASE_STRIP = NO;
				DEBUG_INFORMATION_FORMAT = "dwarf-with-dsym";
				ENABLE_NS_ASSERTIONS = NO;
				ENABLE_STRICT_OBJC_MSGSEND = YES;
				GCC_C_LANGUAGE_STANDARD = gnu11;
				GCC_NO_COMMON_BLOCKS = YES;
				GCC_WARN_64_TO_32_BIT_CONVERSION = YES;
				GCC_WARN_ABOUT_RETURN_TYPE = YES_ERROR;
				GCC_WARN_UNDECLARED_SELECTOR = YES;
				GCC_WARN_UNINITIALIZED_AUTOS = YES_AGGRESSIVE;
				GCC_WARN_UNUSED_FUNCTION = YES;
				GCC_WARN_UNUSED_VARIABLE = YES;
				IPHONEOS_DEPLOYMENT_TARGET = 14.4;
				MTL_ENABLE_DEBUG_INFO = NO;
				MTL_FAST_MATH = YES;
				SDKROOT = iphoneos;
				SWIFT_COMPILATION_MODE = wholemodule;
				SWIFT_OPTIMIZATION_LEVEL = "-O";
				VALIDATE_PRODUCT = YES;
			};
			name = Release;
		};
		CC48496727A4E3CB00E5F4F6 /* Debug */ = {
			isa = XCBuildConfiguration;
			buildSettings = {
				ASSETCATALOG_COMPILER_APPICON_NAME = AppIcon;
				ASSETCATALOG_COMPILER_GLOBAL_ACCENT_COLOR_NAME = AccentColor;
				CODE_SIGN_STYLE = Automatic;
				DEVELOPMENT_TEAM = B69W7Z252K;
				INFOPLIST_FILE = TableViewControllerExample/Info.plist;
				LD_RUNPATH_SEARCH_PATHS = (
					"$(inherited)",
					"@executable_path/Frameworks",
				);
				PRODUCT_BUNDLE_IDENTIFIER = edu.northeastern.anupama.TableViewControllerExample;
				PRODUCT_NAME = "$(TARGET_NAME)";
				SWIFT_VERSION = 5.0;
				TARGETED_DEVICE_FAMILY = "1,2";
			};
			name = Debug;
		};
		CC48496827A4E3CB00E5F4F6 /* Release */ = {
			isa = XCBuildConfiguration;
			buildSettings = {
				ASSETCATALOG_COMPILER_APPICON_NAME = AppIcon;
				ASSETCATALOG_COMPILER_GLOBAL_ACCENT_COLOR_NAME = AccentColor;
				CODE_SIGN_STYLE = Automatic;
				DEVELOPMENT_TEAM = B69W7Z252K;
				INFOPLIST_FILE = TableViewControllerExample/Info.plist;
				LD_RUNPATH_SEARCH_PATHS = (
					"$(inherited)",
					"@executable_path/Frameworks",
				);
				PRODUCT_BUNDLE_IDENTIFIER = edu.northeastern.anupama.TableViewControllerExample;
				PRODUCT_NAME = "$(TARGET_NAME)";
				SWIFT_VERSION = 5.0;
				TARGETED_DEVICE_FAMILY = "1,2";
			};
			name = Release;
		};
/* End XCBuildConfiguration section */

/* Begin XCConfigurationList section */
		CC48494D27A4E3C000E5F4F6 /* Build configuration list for PBXProject "TableViewControllerExample" */ = {
			isa = XCConfigurationList;
			buildConfigurations = (
				CC48496427A4E3CB00E5F4F6 /* Debug */,
				CC48496527A4E3CB00E5F4F6 /* Release */,
			);
			defaultConfigurationIsVisible = 0;
			defaultConfigurationName = Release;
		};
		CC48496627A4E3CB00E5F4F6 /* Build configuration list for PBXNativeTarget "TableViewControllerExample" */ = {
			isa = XCConfigurationList;
			buildConfigurations = (
				CC48496727A4E3CB00E5F4F6 /* Debug */,
				CC48496827A4E3CB00E5F4F6 /* Release */,
			);
			defaultConfigurationIsVisible = 0;
			defaultConfigurationName = Release;
		};
/* End XCConfigurationList section */
	};
	rootObject = CC48494A27A4E3C000E5F4F6 /* Project object */;
}
