// !$*UTF8*$!
{
	archiveVersion = 1;
	classes = {
	};
	objectVersion = 50;
	objects = {

/* Begin PBXBuildFile section */
		CCB05287279D0A41008CC859 /* AppDelegate.swift in Sources */ = {isa = PBXBuildFile; fileRef = CCB05286279D0A41008CC859 /* AppDelegate.swift */; };
		CCB05289279D0A41008CC859 /* SceneDelegate.swift in Sources */ = {isa = PBXBuildFile; fileRef = CCB05288279D0A41008CC859 /* SceneDelegate.swift */; };
		CCB0528B279D0A41008CC859 /* ViewController.swift in Sources */ = {isa = PBXBuildFile; fileRef = CCB0528A279D0A41008CC859 /* ViewController.swift */; };
		CCB0528E279D0A41008CC859 /* Main.storyboard in Resources */ = {isa = PBXBuildFile; fileRef = CCB0528C279D0A41008CC859 /* Main.storyboard */; };
		CCB05290279D0A4C008CC859 /* Assets.xcassets in Resources */ = {isa = PBXBuildFile; fileRef = CCB0528F279D0A4C008CC859 /* Assets.xcassets */; };
		CCB05293279D0A4C008CC859 /* LaunchScreen.storyboard in Resources */ = {isa = PBXBuildFile; fileRef = CCB05291279D0A4C008CC859 /* LaunchScreen.storyboard */; };
		CCB0529E279D0A4C008CC859 /* Assignment1Tests.swift in Sources */ = {isa = PBXBuildFile; fileRef = CCB0529D279D0A4C008CC859 /* Assignment1Tests.swift */; };
		CCB052A9279D0A4D008CC859 /* Assignment1UITests.swift in Sources */ = {isa = PBXBuildFile; fileRef = CCB052A8279D0A4D008CC859 /* Assignment1UITests.swift */; };
/* End PBXBuildFile section */

/* Begin PBXContainerItemProxy section */
		CCB0529A279D0A4C008CC859 /* PBXContainerItemProxy */ = {
			isa = PBXContainerItemProxy;
			containerPortal = CCB0527B279D0A41008CC859 /* Project object */;
			proxyType = 1;
			remoteGlobalIDString = CCB05282279D0A41008CC859;
			remoteInfo = Assignment1;
		};
		CCB052A5279D0A4D008CC859 /* PBXContainerItemProxy */ = {
			isa = PBXContainerItemProxy;
			containerPortal = CCB0527B279D0A41008CC859 /* Project object */;
			proxyType = 1;
			remoteGlobalIDString = CCB05282279D0A41008CC859;
			remoteInfo = Assignment1;
		};
/* End PBXContainerItemProxy section */

/* Begin PBXFileReference section */
		CCB05283279D0A41008CC859 /* Assignment1.app */ = {isa = PBXFileReference; explicitFileType = wrapper.application; includeInIndex = 0; path = Assignment1.app; sourceTree = BUILT_PRODUCTS_DIR; };
		CCB05286279D0A41008CC859 /* AppDelegate.swift */ = {isa = PBXFileReference; lastKnownFileType = sourcecode.swift; path = AppDelegate.swift; sourceTree = "<group>"; };
		CCB05288279D0A41008CC859 /* SceneDelegate.swift */ = {isa = PBXFileReference; lastKnownFileType = sourcecode.swift; path = SceneDelegate.swift; sourceTree = "<group>"; };
		CCB0528A279D0A41008CC859 /* ViewController.swift */ = {isa = PBXFileReference; lastKnownFileType = sourcecode.swift; path = ViewController.swift; sourceTree = "<group>"; };
		CCB0528D279D0A41008CC859 /* Base */ = {isa = PBXFileReference; lastKnownFileType = file.storyboard; name = Base; path = Base.lproj/Main.storyboard; sourceTree = "<group>"; };
		CCB0528F279D0A4C008CC859 /* Assets.xcassets */ = {isa = PBXFileReference; lastKnownFileType = folder.assetcatalog; path = Assets.xcassets; sourceTree = "<group>"; };
		CCB05292279D0A4C008CC859 /* Base */ = {isa = PBXFileReference; lastKnownFileType = file.storyboard; name = Base; path = Base.lproj/LaunchScreen.storyboard; sourceTree = "<group>"; };
		CCB05294279D0A4C008CC859 /* Info.plist */ = {isa = PBXFileReference; lastKnownFileType = text.plist.xml; path = Info.plist; sourceTree = "<group>"; };
		CCB05299279D0A4C008CC859 /* Assignment1Tests.xctest */ = {isa = PBXFileReference; explicitFileType = wrapper.cfbundle; includeInIndex = 0; path = Assignment1Tests.xctest; sourceTree = BUILT_PRODUCTS_DIR; };
		CCB0529D279D0A4C008CC859 /* Assignment1Tests.swift */ = {isa = PBXFileReference; lastKnownFileType = sourcecode.swift; path = Assignment1Tests.swift; sourceTree = "<group>"; };
		CCB0529F279D0A4C008CC859 /* Info.plist */ = {isa = PBXFileReference; lastKnownFileType = text.plist.xml; path = Info.plist; sourceTree = "<group>"; };
		CCB052A4279D0A4D008CC859 /* Assignment1UITests.xctest */ = {isa = PBXFileReference; explicitFileType = wrapper.cfbundle; includeInIndex = 0; path = Assignment1UITests.xctest; sourceTree = BUILT_PRODUCTS_DIR; };
		CCB052A8279D0A4D008CC859 /* Assignment1UITests.swift */ = {isa = PBXFileReference; lastKnownFileType = sourcecode.swift; path = Assignment1UITests.swift; sourceTree = "<group>"; };
		CCB052AA279D0A4D008CC859 /* Info.plist */ = {isa = PBXFileReference; lastKnownFileType = text.plist.xml; path = Info.plist; sourceTree = "<group>"; };
/* End PBXFileReference section */

/* Begin PBXFrameworksBuildPhase section */
		CCB05280279D0A41008CC859 /* Frameworks */ = {
			isa = PBXFrameworksBuildPhase;
			buildActionMask = 2147483647;
			files = (
			);
			runOnlyForDeploymentPostprocessing = 0;
		};
		CCB05296279D0A4C008CC859 /* Frameworks */ = {
			isa = PBXFrameworksBuildPhase;
			buildActionMask = 2147483647;
			files = (
			);
			runOnlyForDeploymentPostprocessing = 0;
		};
		CCB052A1279D0A4D008CC859 /* Frameworks */ = {
			isa = PBXFrameworksBuildPhase;
			buildActionMask = 2147483647;
			files = (
			);
			runOnlyForDeploymentPostprocessing = 0;
		};
/* End PBXFrameworksBuildPhase section */

/* Begin PBXGroup section */
		CCB0527A279D0A41008CC859 = {
			isa = PBXGroup;
			children = (
				CCB05285279D0A41008CC859 /* Assignment1 */,
				CCB0529C279D0A4C008CC859 /* Assignment1Tests */,
				CCB052A7279D0A4D008CC859 /* Assignment1UITests */,
				CCB05284279D0A41008CC859 /* Products */,
			);
			sourceTree = "<group>";
		};
		CCB05284279D0A41008CC859 /* Products */ = {
			isa = PBXGroup;
			children = (
				CCB05283279D0A41008CC859 /* Assignment1.app */,
				CCB05299279D0A4C008CC859 /* Assignment1Tests.xctest */,
				CCB052A4279D0A4D008CC859 /* Assignment1UITests.xctest */,
			);
			name = Products;
			sourceTree = "<group>";
		};
		CCB05285279D0A41008CC859 /* Assignment1 */ = {
			isa = PBXGroup;
			children = (
				CCB05286279D0A41008CC859 /* AppDelegate.swift */,
				CCB05288279D0A41008CC859 /* SceneDelegate.swift */,
				CCB0528A279D0A41008CC859 /* ViewController.swift */,
				CCB0528C279D0A41008CC859 /* Main.storyboard */,
				CCB0528F279D0A4C008CC859 /* Assets.xcassets */,
				CCB05291279D0A4C008CC859 /* LaunchScreen.storyboard */,
				CCB05294279D0A4C008CC859 /* Info.plist */,
			);
			path = Assignment1;
			sourceTree = "<group>";
		};
		CCB0529C279D0A4C008CC859 /* Assignment1Tests */ = {
			isa = PBXGroup;
			children = (
				CCB0529D279D0A4C008CC859 /* Assignment1Tests.swift */,
				CCB0529F279D0A4C008CC859 /* Info.plist */,
			);
			path = Assignment1Tests;
			sourceTree = "<group>";
		};
		CCB052A7279D0A4D008CC859 /* Assignment1UITests */ = {
			isa = PBXGroup;
			children = (
				CCB052A8279D0A4D008CC859 /* Assignment1UITests.swift */,
				CCB052AA279D0A4D008CC859 /* Info.plist */,
			);
			path = Assignment1UITests;
			sourceTree = "<group>";
		};
/* End PBXGroup section */

/* Begin PBXNativeTarget section */
		CCB05282279D0A41008CC859 /* Assignment1 */ = {
			isa = PBXNativeTarget;
			buildConfigurationList = CCB052AD279D0A4D008CC859 /* Build configuration list for PBXNativeTarget "Assignment1" */;
			buildPhases = (
				CCB0527F279D0A41008CC859 /* Sources */,
				CCB05280279D0A41008CC859 /* Frameworks */,
				CCB05281279D0A41008CC859 /* Resources */,
			);
			buildRules = (
			);
			dependencies = (
			);
			name = Assignment1;
			productName = Assignment1;
			productReference = CCB05283279D0A41008CC859 /* Assignment1.app */;
			productType = "com.apple.product-type.application";
		};
		CCB05298279D0A4C008CC859 /* Assignment1Tests */ = {
			isa = PBXNativeTarget;
			buildConfigurationList = CCB052B0279D0A4D008CC859 /* Build configuration list for PBXNativeTarget "Assignment1Tests" */;
			buildPhases = (
				CCB05295279D0A4C008CC859 /* Sources */,
				CCB05296279D0A4C008CC859 /* Frameworks */,
				CCB05297279D0A4C008CC859 /* Resources */,
			);
			buildRules = (
			);
			dependencies = (
				CCB0529B279D0A4C008CC859 /* PBXTargetDependency */,
			);
			name = Assignment1Tests;
			productName = Assignment1Tests;
			productReference = CCB05299279D0A4C008CC859 /* Assignment1Tests.xctest */;
			productType = "com.apple.product-type.bundle.unit-test";
		};
		CCB052A3279D0A4D008CC859 /* Assignment1UITests */ = {
			isa = PBXNativeTarget;
			buildConfigurationList = CCB052B3279D0A4D008CC859 /* Build configuration list for PBXNativeTarget "Assignment1UITests" */;
			buildPhases = (
				CCB052A0279D0A4D008CC859 /* Sources */,
				CCB052A1279D0A4D008CC859 /* Frameworks */,
				CCB052A2279D0A4D008CC859 /* Resources */,
			);
			buildRules = (
			);
			dependencies = (
				CCB052A6279D0A4D008CC859 /* PBXTargetDependency */,
			);
			name = Assignment1UITests;
			productName = Assignment1UITests;
			productReference = CCB052A4279D0A4D008CC859 /* Assignment1UITests.xctest */;
			productType = "com.apple.product-type.bundle.ui-testing";
		};
/* End PBXNativeTarget section */

/* Begin PBXProject section */
		CCB0527B279D0A41008CC859 /* Project object */ = {
			isa = PBXProject;
			attributes = {
				LastSwiftUpdateCheck = 1240;
				LastUpgradeCheck = 1240;
				TargetAttributes = {
					CCB05282279D0A41008CC859 = {
						CreatedOnToolsVersion = 12.4;
					};
					CCB05298279D0A4C008CC859 = {
						CreatedOnToolsVersion = 12.4;
						TestTargetID = CCB05282279D0A41008CC859;
					};
					CCB052A3279D0A4D008CC859 = {
						CreatedOnToolsVersion = 12.4;
						TestTargetID = CCB05282279D0A41008CC859;
					};
				};
			};
			buildConfigurationList = CCB0527E279D0A41008CC859 /* Build configuration list for PBXProject "Assignment1" */;
			compatibilityVersion = "Xcode 9.3";
			developmentRegion = en;
			hasScannedForEncodings = 0;
			knownRegions = (
				en,
				Base,
			);
			mainGroup = CCB0527A279D0A41008CC859;
			productRefGroup = CCB05284279D0A41008CC859 /* Products */;
			projectDirPath = "";
			projectRoot = "";
			targets = (
				CCB05282279D0A41008CC859 /* Assignment1 */,
				CCB05298279D0A4C008CC859 /* Assignment1Tests */,
				CCB052A3279D0A4D008CC859 /* Assignment1UITests */,
			);
		};
/* End PBXProject section */

/* Begin PBXResourcesBuildPhase section */
		CCB05281279D0A41008CC859 /* Resources */ = {
			isa = PBXResourcesBuildPhase;
			buildActionMask = 2147483647;
			files = (
				CCB05293279D0A4C008CC859 /* LaunchScreen.storyboard in Resources */,
				CCB05290279D0A4C008CC859 /* Assets.xcassets in Resources */,
				CCB0528E279D0A41008CC859 /* Main.storyboard in Resources */,
			);
			runOnlyForDeploymentPostprocessing = 0;
		};
		CCB05297279D0A4C008CC859 /* Resources */ = {
			isa = PBXResourcesBuildPhase;
			buildActionMask = 2147483647;
			files = (
			);
			runOnlyForDeploymentPostprocessing = 0;
		};
		CCB052A2279D0A4D008CC859 /* Resources */ = {
			isa = PBXResourcesBuildPhase;
			buildActionMask = 2147483647;
			files = (
			);
			runOnlyForDeploymentPostprocessing = 0;
		};
/* End PBXResourcesBuildPhase section */

/* Begin PBXSourcesBuildPhase section */
		CCB0527F279D0A41008CC859 /* Sources */ = {
			isa = PBXSourcesBuildPhase;
			buildActionMask = 2147483647;
			files = (
				CCB0528B279D0A41008CC859 /* ViewController.swift in Sources */,
				CCB05287279D0A41008CC859 /* AppDelegate.swift in Sources */,
				CCB05289279D0A41008CC859 /* SceneDelegate.swift in Sources */,
			);
			runOnlyForDeploymentPostprocessing = 0;
		};
		CCB05295279D0A4C008CC859 /* Sources */ = {
			isa = PBXSourcesBuildPhase;
			buildActionMask = 2147483647;
			files = (
				CCB0529E279D0A4C008CC859 /* Assignment1Tests.swift in Sources */,
			);
			runOnlyForDeploymentPostprocessing = 0;
		};
		CCB052A0279D0A4D008CC859 /* Sources */ = {
			isa = PBXSourcesBuildPhase;
			buildActionMask = 2147483647;
			files = (
				CCB052A9279D0A4D008CC859 /* Assignment1UITests.swift in Sources */,
			);
			runOnlyForDeploymentPostprocessing = 0;
		};
/* End PBXSourcesBuildPhase section */

/* Begin PBXTargetDependency section */
		CCB0529B279D0A4C008CC859 /* PBXTargetDependency */ = {
			isa = PBXTargetDependency;
			target = CCB05282279D0A41008CC859 /* Assignment1 */;
			targetProxy = CCB0529A279D0A4C008CC859 /* PBXContainerItemProxy */;
		};
		CCB052A6279D0A4D008CC859 /* PBXTargetDependency */ = {
			isa = PBXTargetDependency;
			target = CCB05282279D0A41008CC859 /* Assignment1 */;
			targetProxy = CCB052A5279D0A4D008CC859 /* PBXContainerItemProxy */;
		};
/* End PBXTargetDependency section */

/* Begin PBXVariantGroup section */
		CCB0528C279D0A41008CC859 /* Main.storyboard */ = {
			isa = PBXVariantGroup;
			children = (
				CCB0528D279D0A41008CC859 /* Base */,
			);
			name = Main.storyboard;
			sourceTree = "<group>";
		};
		CCB05291279D0A4C008CC859 /* LaunchScreen.storyboard */ = {
			isa = PBXVariantGroup;
			children = (
				CCB05292279D0A4C008CC859 /* Base */,
			);
			name = LaunchScreen.storyboard;
			sourceTree = "<group>";
		};
/* End PBXVariantGroup section */

/* Begin XCBuildConfiguration section */
		CCB052AB279D0A4D008CC859 /* Debug */ = {
			isa = XCBuildConfiguration;
			buildSettings = {
				ALWAYS_SEARCH_USER_PATHS = NO;
				CLANG_ANALYZER_NONNULL = YES;
				CLANG_ANALYZER_NUMBER_OBJECT_CONVERSION = YES_AGGRESSIVE;
				CLANG_CXX_LANGUAGE_STANDARD = "gnu++14";
				CLANG_CXX_LIBRARY = "libc++";
				CLANG_ENABLE_MODULES = YES;
				CLANG_ENABLE_OBJC_ARC = YES;
				CLANG_ENABLE_OBJC_WEAK = YES;
				CLANG_WARN_BLOCK_CAPTURE_AUTORELEASING = YES;
				CLANG_WARN_BOOL_CONVERSION = YES;
				CLANG_WARN_COMMA = YES;
				CLANG_WARN_CONSTANT_CONVERSION = YES;
				CLANG_WARN_DEPRECATED_OBJC_IMPLEMENTATIONS = YES;
				CLANG_WARN_DIRECT_OBJC_ISA_USAGE = YES_ERROR;
				CLANG_WARN_DOCUMENTATION_COMMENTS = YES;
				CLANG_WARN_EMPTY_BODY = YES;
				CLANG_WARN_ENUM_CONVERSION = YES;
				CLANG_WARN_INFINITE_RECURSION = YES;
				CLANG_WARN_INT_CONVERSION = YES;
				CLANG_WARN_NON_LITERAL_NULL_CONVERSION = YES;
				CLANG_WARN_OBJC_IMPLICIT_RETAIN_SELF = YES;
				CLANG_WARN_OBJC_LITERAL_CONVERSION = YES;
				CLANG_WARN_OBJC_ROOT_CLASS = YES_ERROR;
				CLANG_WARN_QUOTED_INCLUDE_IN_FRAMEWORK_HEADER = YES;
				CLANG_WARN_RANGE_LOOP_ANALYSIS = YES;
				CLANG_WARN_STRICT_PROTOTYPES = YES;
				CLANG_WARN_SUSPICIOUS_MOVE = YES;
				CLANG_WARN_UNGUARDED_AVAILABILITY = YES_AGGRESSIVE;
				CLANG_WARN_UNREACHABLE_CODE = YES;
				CLANG_WARN__DUPLICATE_METHOD_MATCH = YES;
				COPY_PHASE_STRIP = NO;
				DEBUG_INFORMATION_FORMAT = dwarf;
				ENABLE_STRICT_OBJC_MSGSEND = YES;
				ENABLE_TESTABILITY = YES;
				GCC_C_LANGUAGE_STANDARD = gnu11;
				GCC_DYNAMIC_NO_PIC = NO;
				GCC_NO_COMMON_BLOCKS = YES;
				GCC_OPTIMIZATION_LEVEL = 0;
				GCC_PREPROCESSOR_DEFINITIONS = (
					"DEBUG=1",
					"$(inherited)",
				);
				GCC_WARN_64_TO_32_BIT_CONVERSION = YES;
				GCC_WARN_ABOUT_RETURN_TYPE = YES_ERROR;
				GCC_WARN_UNDECLARED_SELECTOR = YES;
				GCC_WARN_UNINITIALIZED_AUTOS = YES_AGGRESSIVE;
				GCC_WARN_UNUSED_FUNCTION = YES;
				GCC_WARN_UNUSED_VARIABLE = YES;
				IPHONEOS_DEPLOYMENT_TARGET = 14.4;
				MTL_ENABLE_DEBUG_INFO = INCLUDE_SOURCE;
				MTL_FAST_MATH = YES;
				ONLY_ACTIVE_ARCH = YES;
				SDKROOT = iphoneos;
				SWIFT_ACTIVE_COMPILATION_CONDITIONS = DEBUG;
				SWIFT_OPTIMIZATION_LEVEL = "-Onone";
			};
			name = Debug;
		};
		CCB052AC279D0A4D008CC859 /* Release */ = {
			isa = XCBuildConfiguration;
			buildSettings = {
				ALWAYS_SEARCH_USER_PATHS = NO;
				CLANG_ANALYZER_NONNULL = YES;
				CLANG_ANALYZER_NUMBER_OBJECT_CONVERSION = YES_AGGRESSIVE;
				CLANG_CXX_LANGUAGE_STANDARD = "gnu++14";
				CLANG_CXX_LIBRARY = "libc++";
				CLANG_ENABLE_MODULES = YES;
				CLANG_ENABLE_OBJC_ARC = YES;
				CLANG_ENABLE_OBJC_WEAK = YES;
				CLANG_WARN_BLOCK_CAPTURE_AUTORELEASING = YES;
				CLANG_WARN_BOOL_CONVERSION = YES;
				CLANG_WARN_COMMA = YES;
				CLANG_WARN_CONSTANT_CONVERSION = YES;
				CLANG_WARN_DEPRECATED_OBJC_IMPLEMENTATIONS = YES;
				CLANG_WARN_DIRECT_OBJC_ISA_USAGE = YES_ERROR;
				CLANG_WARN_DOCUMENTATION_COMMENTS = YES;
				CLANG_WARN_EMPTY_BODY = YES;
				CLANG_WARN_ENUM_CONVERSION = YES;
				CLANG_WARN_INFINITE_RECURSION = YES;
				CLANG_WARN_INT_CONVERSION = YES;
				CLANG_WARN_NON_LITERAL_NULL_CONVERSION = YES;
				CLANG_WARN_OBJC_IMPLICIT_RETAIN_SELF = YES;
				CLANG_WARN_OBJC_LITERAL_CONVERSION = YES;
				CLANG_WARN_OBJC_ROOT_CLASS = YES_ERROR;
				CLANG_WARN_QUOTED_INCLUDE_IN_FRAMEWORK_HEADER = YES;
				CLANG_WARN_RANGE_LOOP_ANALYSIS = YES;
				CLANG_WARN_STRICT_PROTOTYPES = YES;
				CLANG_WARN_SUSPICIOUS_MOVE = YES;
				CLANG_WARN_UNGUARDED_AVAILABILITY = YES_AGGRESSIVE;
				CLANG_WARN_UNREACHABLE_CODE = YES;
				CLANG_WARN__DUPLICATE_METHOD_MATCH = YES;
				COPY_PHASE_STRIP = NO;
				DEBUG_INFORMATION_FORMAT = "dwarf-with-dsym";
				ENABLE_NS_ASSERTIONS = NO;
				ENABLE_STRICT_OBJC_MSGSEND = YES;
				GCC_C_LANGUAGE_STANDARD = gnu11;
				GCC_NO_COMMON_BLOCKS = YES;
				GCC_WARN_64_TO_32_BIT_CONVERSION = YES;
				GCC_WARN_ABOUT_RETURN_TYPE = YES_ERROR;
				GCC_WARN_UNDECLARED_SELECTOR = YES;
				GCC_WARN_UNINITIALIZED_AUTOS = YES_AGGRESSIVE;
				GCC_WARN_UNUSED_FUNCTION = YES;
				GCC_WARN_UNUSED_VARIABLE = YES;
				IPHONEOS_DEPLOYMENT_TARGET = 14.4;
				MTL_ENABLE_DEBUG_INFO = NO;
				MTL_FAST_MATH = YES;
				SDKROOT = iphoneos;
				SWIFT_COMPILATION_MODE = wholemodule;
				SWIFT_OPTIMIZATION_LEVEL = "-O";
				VALIDATE_PRODUCT = YES;
			};
			name = Release;
		};
		CCB052AE279D0A4D008CC859 /* Debug */ = {
			isa = XCBuildConfiguration;
			buildSettings = {
				ASSETCATALOG_COMPILER_APPICON_NAME = AppIcon;
				ASSETCATALOG_COMPILER_GLOBAL_ACCENT_COLOR_NAME = AccentColor;
				CODE_SIGN_STYLE = Automatic;
				DEVELOPMENT_TEAM = B69W7Z252K;
				INFOPLIST_FILE = Assignment1/Info.plist;
				LD_RUNPATH_SEARCH_PATHS = (
					"$(inherited)",
					"@executable_path/Frameworks",
				);
				PRODUCT_BUNDLE_IDENTIFIER = edu.northeastern.anupama.Assignment1;
				PRODUCT_NAME = "$(TARGET_NAME)";
				SWIFT_VERSION = 5.0;
				TARGETED_DEVICE_FAMILY = "1,2";
			};
			name = Debug;
		};
		CCB052AF279D0A4D008CC859 /* Release */ = {
			isa = XCBuildConfiguration;
			buildSettings = {
				ASSETCATALOG_COMPILER_APPICON_NAME = AppIcon;
				ASSETCATALOG_COMPILER_GLOBAL_ACCENT_COLOR_NAME = AccentColor;
				CODE_SIGN_STYLE = Automatic;
				DEVELOPMENT_TEAM = B69W7Z252K;
				INFOPLIST_FILE = Assignment1/Info.plist;
				LD_RUNPATH_SEARCH_PATHS = (
					"$(inherited)",
					"@executable_path/Frameworks",
				);
				PRODUCT_BUNDLE_IDENTIFIER = edu.northeastern.anupama.Assignment1;
				PRODUCT_NAME = "$(TARGET_NAME)";
				SWIFT_VERSION = 5.0;
				TARGETED_DEVICE_FAMILY = "1,2";
			};
			name = Release;
		};
		CCB052B1279D0A4D008CC859 /* Debug */ = {
			isa = XCBuildConfiguration;
			buildSettings = {
				ALWAYS_EMBED_SWIFT_STANDARD_LIBRARIES = YES;
				BUNDLE_LOADER = "$(TEST_HOST)";
				CODE_SIGN_STYLE = Automatic;
				DEVELOPMENT_TEAM = B69W7Z252K;
				INFOPLIST_FILE = Assignment1Tests/Info.plist;
				IPHONEOS_DEPLOYMENT_TARGET = 14.4;
				LD_RUNPATH_SEARCH_PATHS = (
					"$(inherited)",
					"@executable_path/Frameworks",
					"@loader_path/Frameworks",
				);
				PRODUCT_BUNDLE_IDENTIFIER = edu.northeastern.anupama.Assignment1Tests;
				PRODUCT_NAME = "$(TARGET_NAME)";
				SWIFT_VERSION = 5.0;
				TARGETED_DEVICE_FAMILY = "1,2";
				TEST_HOST = "$(BUILT_PRODUCTS_DIR)/Assignment1.app/Assignment1";
			};
			name = Debug;
		};
		CCB052B2279D0A4D008CC859 /* Release */ = {
			isa = XCBuildConfiguration;
			buildSettings = {
				ALWAYS_EMBED_SWIFT_STANDARD_LIBRARIES = YES;
				BUNDLE_LOADER = "$(TEST_HOST)";
				CODE_SIGN_STYLE = Automatic;
				DEVELOPMENT_TEAM = B69W7Z252K;
				INFOPLIST_FILE = Assignment1Tests/Info.plist;
				IPHONEOS_DEPLOYMENT_TARGET = 14.4;
				LD_RUNPATH_SEARCH_PATHS = (
					"$(inherited)",
					"@executable_path/Frameworks",
					"@loader_path/Frameworks",
				);
				PRODUCT_BUNDLE_IDENTIFIER = edu.northeastern.anupama.Assignment1Tests;
				PRODUCT_NAME = "$(TARGET_NAME)";
				SWIFT_VERSION = 5.0;
				TARGETED_DEVICE_FAMILY = "1,2";
				TEST_HOST = "$(BUILT_PRODUCTS_DIR)/Assignment1.app/Assignment1";
			};
			name = Release;
		};
		CCB052B4279D0A4D008CC859 /* Debug */ = {
			isa = XCBuildConfiguration;
			buildSettings = {
				ALWAYS_EMBED_SWIFT_STANDARD_LIBRARIES = YES;
				CODE_SIGN_STYLE = Automatic;
				DEVELOPMENT_TEAM = B69W7Z252K;
				INFOPLIST_FILE = Assignment1UITests/Info.plist;
				LD_RUNPATH_SEARCH_PATHS = (
					"$(inherited)",
					"@executable_path/Frameworks",
					"@loader_path/Frameworks",
				);
				PRODUCT_BUNDLE_IDENTIFIER = edu.northeastern.anupama.Assignment1UITests;
				PRODUCT_NAME = "$(TARGET_NAME)";
				SWIFT_VERSION = 5.0;
				TARGETED_DEVICE_FAMILY = "1,2";
				TEST_TARGET_NAME = Assignment1;
			};
			name = Debug;
		};
		CCB052B5279D0A4D008CC859 /* Release */ = {
			isa = XCBuildConfiguration;
			buildSettings = {
				ALWAYS_EMBED_SWIFT_STANDARD_LIBRARIES = YES;
				CODE_SIGN_STYLE = Automatic;
				DEVELOPMENT_TEAM = B69W7Z252K;
				INFOPLIST_FILE = Assignment1UITests/Info.plist;
				LD_RUNPATH_SEARCH_PATHS = (
					"$(inherited)",
					"@executable_path/Frameworks",
					"@loader_path/Frameworks",
				);
				PRODUCT_BUNDLE_IDENTIFIER = edu.northeastern.anupama.Assignment1UITests;
				PRODUCT_NAME = "$(TARGET_NAME)";
				SWIFT_VERSION = 5.0;
				TARGETED_DEVICE_FAMILY = "1,2";
				TEST_TARGET_NAME = Assignment1;
			};
			name = Release;
		};
/* End XCBuildConfiguration section */

/* Begin XCConfigurationList section */
		CCB0527E279D0A41008CC859 /* Build configuration list for PBXProject "Assignment1" */ = {
			isa = XCConfigurationList;
			buildConfigurations = (
				CCB052AB279D0A4D008CC859 /* Debug */,
				CCB052AC279D0A4D008CC859 /* Release */,
			);
			defaultConfigurationIsVisible = 0;
			defaultConfigurationName = Release;
		};
		CCB052AD279D0A4D008CC859 /* Build configuration list for PBXNativeTarget "Assignment1" */ = {
			isa = XCConfigurationList;
			buildConfigurations = (
				CCB052AE279D0A4D008CC859 /* Debug */,
				CCB052AF279D0A4D008CC859 /* Release */,
			);
			defaultConfigurationIsVisible = 0;
			defaultConfigurationName = Release;
		};
		CCB052B0279D0A4D008CC859 /* Build configuration list for PBXNativeTarget "Assignment1Tests" */ = {
			isa = XCConfigurationList;
			buildConfigurations = (
				CCB052B1279D0A4D008CC859 /* Debug */,
				CCB052B2279D0A4D008CC859 /* Release */,
			);
			defaultConfigurationIsVisible = 0;
			defaultConfigurationName = Release;
		};
		CCB052B3279D0A4D008CC859 /* Build configuration list for PBXNativeTarget "Assignment1UITests" */ = {
			isa = XCConfigurationList;
			buildConfigurations = (
				CCB052B4279D0A4D008CC859 /* Debug */,
				CCB052B5279D0A4D008CC859 /* Release */,
			);
			defaultConfigurationIsVisible = 0;
			defaultConfigurationName = Release;
		};
/* End XCConfigurationList section */
	};
	rootObject = CCB0527B279D0A41008CC859 /* Project object */;
}
